
Microsoft Visual Studio Solution File, Format Version 12.00
# Visual Studio 15
VisualStudioVersion = 15.0.28307.757
MinimumVisualStudioVersion = 10.0.40219.1
Project("{8BC9CEB8-8B4A-11D0-8D11-00A0C91BC942}") = "Astree", "Astree.vcxproj", "{8CEE3939-7E98-3B3E-9BA8-DB91B29818E3}"
EndProject
Global
	GlobalSection(SolutionConfigurationPlatforms) = preSolution
		Debug|x64 = Debug|x64
		Release|x64 = Release|x64
	EndGlobalSection
	GlobalSection(ProjectConfigurationPlatforms) = postSolution
		{8CEE3939-7E98-3B3E-9BA8-DB91B29818E3}.Debug|x64.ActiveCfg = Debug|x64
		{8CEE3939-7E98-3B3E-9BA8-DB91B29818E3}.Debug|x64.Build.0 = Debug|x64
		{8CEE3939-7E98-3B3E-9BA8-DB91B29818E3}.Release|x64.ActiveCfg = Release|x64
		{8CEE3939-7E98-3B3E-9BA8-DB91B29818E3}.Release|x64.Build.0 = Release|x64
	EndGlobalSection
	GlobalSection(SolutionProperties) = preSolution
		HideSolutionNode = FALSE
	EndGlobalSection
	GlobalSection(ExtensibilityGlobals) = postSolution
		SolutionGuid = {8F18B84B-CF2A-4C43-96ED-31098B1073B1}
	EndGlobalSection
EndGlobal
