<?xml version="1.0" encoding="utf-8"?>
<Project xmlns="http://schemas.microsoft.com/developer/msbuild/2003">
  <ItemGroup>
    <Filter Include="Form Files">
      <UniqueIdentifier>{99349809-55BA-4b9d-BF79-8FDBB0286EB3}</UniqueIdentifier>
      <Extensions>ui</Extensions>
      <ParseFiles>false</ParseFiles>
    </Filter>
    <Filter Include="Form Files">
      <UniqueIdentifier>{99349809-55BA-4b9d-BF79-8FDBB0286EB3}</UniqueIdentifier>
      <Extensions>ui</Extensions>
      <ParseFiles>false</ParseFiles>
    </Filter>
    <Filter Include="Generated Files">
      <UniqueIdentifier>{71ED8ED8-ACB9-4CE9-BBE1-E00B30144E11}</UniqueIdentifier>
      <Extensions>cpp;c;cxx;moc;h;def;odl;idl;res;</Extensions>
    </Filter>
    <Filter Include="Generated Files">
      <UniqueIdentifier>{71ED8ED8-ACB9-4CE9-BBE1-E00B30144E11}</UniqueIdentifier>
      <Extensions>cpp;c;cxx;moc;h;def;odl;idl;res;</Extensions>
    </Filter>
    <Filter Include="Header Files">
      <UniqueIdentifier>{93995380-89BD-4b04-88EB-625FBE52EBFB}</UniqueIdentifier>
      <Extensions>h;hpp;hxx;hm;inl;inc;xsd</Extensions>
    </Filter>
    <Filter Include="Header Files">
      <UniqueIdentifier>{93995380-89BD-4b04-88EB-625FBE52EBFB}</UniqueIdentifier>
      <Extensions>h;hpp;hxx;hm;inl;inc;xsd</Extensions>
    </Filter>
    <Filter Include="Resource Files">
      <UniqueIdentifier>{D9D6E242-F8AF-46E4-B9FD-80ECBC20BA3E}</UniqueIdentifier>
      <Extensions>qrc;*</Extensions>
      <ParseFiles>false</ParseFiles>
    </Filter>
    <Filter Include="Resource Files">
      <UniqueIdentifier>{D9D6E242-F8AF-46E4-B9FD-80ECBC20BA3E}</UniqueIdentifier>
      <Extensions>qrc;*</Extensions>
      <ParseFiles>false</ParseFiles>
    </Filter>
    <Filter Include="Source Files">
      <UniqueIdentifier>{4FC737F1-C7A5-4376-A066-2A32D752A2FF}</UniqueIdentifier>
      <Extensions>cpp;c;cxx;def;odl;idl;hpj;bat;asm;asmx</Extensions>
    </Filter>
    <Filter Include="Source Files">
      <UniqueIdentifier>{4FC737F1-C7A5-4376-A066-2A32D752A2FF}</UniqueIdentifier>
      <Extensions>cpp;c;cxx;def;odl;idl;hpj;bat;asm;asmx</Extensions>
    </Filter>
    <Filter Include="Translation Files">
      <UniqueIdentifier>{639EADAA-A684-42e4-A9AD-28FC9BCB8F7C}</UniqueIdentifier>
      <Extensions>ts;xlf</Extensions>
      <ParseFiles>false</ParseFiles>
    </Filter>
    <Filter Include="Translation Files">
      <UniqueIdentifier>{639EADAA-A684-42e4-A9AD-28FC9BCB8F7C}</UniqueIdentifier>
      <Extensions>ts;xlf</Extensions>
      <ParseFiles>false</ParseFiles>
    </Filter>
  </ItemGroup>
  <ItemGroup>
    <ClCompile Include="..\DeviceIo.cpp">
      <Filter>Source Files</Filter>
    </ClCompile>
    <ClCompile Include="..\DeviceIoZmx.cpp">
      <Filter>Source Files</Filter>
    </ClCompile>
    <ClCompile Include="..\DeviceOptimizer.cpp">
      <Filter>Source Files</Filter>
    </ClCompile>
    <ClCompile Include="..\DeviceOptimizerAmoeba.cpp">
      <Filter>Source Files</Filter>
    </ClCompile>
    <ClCompile Include="..\DeviceOptimizerRandom.cpp">
      <Filter>Source Files</Filter>
    </ClCompile>
    <ClCompile Include="..\DeviceScaling.cpp">
      <Filter>Source Files</Filter>
    </ClCompile>
    <ClCompile Include="DialogMediumManager.cpp">
      <Filter>Source Files</Filter>
    </ClCompile>
    <ClCompile Include="DialogScaleDevice.cpp">
      <Filter>Source Files</Filter>
    </ClCompile>
    <ClCompile Include="DockCommentary.cpp">
      <Filter>Source Files</Filter>
    </ClCompile>
    <ClCompile Include="DockImageQuality.cpp">
      <Filter>Source Files</Filter>
    </ClCompile>
    <ClCompile Include="DockLightProperties.cpp">
      <Filter>Source Files</Filter>
    </ClCompile>
    <ClCompile Include="DockOptimizer.cpp">
      <Filter>Source Files</Filter>
    </ClCompile>
    <ClCompile Include="DockScatterPlot.cpp">
      <Filter>Source Files</Filter>
    </ClCompile>
    <ClCompile Include="DockSurfacesData.cpp">
      <Filter>Source Files</Filter>
    </ClCompile>
    <ClCompile Include="..\FileUtil.cpp">
      <Filter>Source Files</Filter>
    </ClCompile>
    <ClCompile Include="FrameSideView.cpp">
      <Filter>Source Files</Filter>
    </ClCompile>
    <ClCompile Include="..\Glass.cpp">
      <Filter>Source Files</Filter>
    </ClCompile>
    <ClCompile Include="..\GlassCatalogIo.cpp">
      <Filter>Source Files</Filter>
    </ClCompile>
    <ClCompile Include="..\GlassExtended2.cpp">
      <Filter>Source Files</Filter>
    </ClCompile>
    <ClCompile Include="..\GlassManager.cpp">
      <Filter>Source Files</Filter>
    </ClCompile>
    <ClCompile Include="..\GlassSellmeier.cpp">
      <Filter>Source Files</Filter>
    </ClCompile>
    <ClCompile Include="..\ImageQuality.cpp">
      <Filter>Source Files</Filter>
    </ClCompile>
    <ClCompile Include="..\Light.cpp">
      <Filter>Source Files</Filter>
    </ClCompile>
    <ClCompile Include="..\LightAutoFocus.cpp">
      <Filter>Source Files</Filter>
    </ClCompile>
    <ClCompile Include="MainWindow.cpp">
      <Filter>Source Files</Filter>
    </ClCompile>
    <ClCompile Include="..\MaterialAir.cpp">
      <Filter>Source Files</Filter>
    </ClCompile>
    <ClCompile Include="..\MaterialUnknow.cpp">
      <Filter>Source Files</Filter>
    </ClCompile>
    <ClCompile Include="..\MaterialVacuum.cpp">
      <Filter>Source Files</Filter>
    </ClCompile>
    <ClCompile Include="..\MaterialWater.cpp">
      <Filter>Source Files</Filter>
    </ClCompile>
    <ClCompile Include="..\OpticalDevice.cpp">
      <Filter>Source Files</Filter>
    </ClCompile>
    <ClCompile Include="..\Photon.cpp">
      <Filter>Source Files</Filter>
    </ClCompile>
    <ClCompile Include="..\Properties.cpp">
      <Filter>Source Files</Filter>
    </ClCompile>
    <ClCompile Include="..\Referential.cpp">
      <Filter>Source Files</Filter>
    </ClCompile>
    <ClCompile Include="..\Surface.cpp">
      <Filter>Source Files</Filter>
    </ClCompile>
    <ClCompile Include="main.cpp">
      <Filter>Source Files</Filter>
    </ClCompile>
  </ItemGroup>
  <ItemGroup>
    <ClInclude Include="AstreeDefines.h">
      <Filter>Header Files</Filter>
    </ClInclude>
    <ClInclude Include="..\DeviceIo.h">
      <Filter>Header Files</Filter>
    </ClInclude>
    <ClInclude Include="..\DeviceIoZmx.h">
      <Filter>Header Files</Filter>
    </ClInclude>
    <ClInclude Include="..\DeviceOptimizer.h">
      <Filter>Header Files</Filter>
    </ClInclude>
    <ClInclude Include="..\DeviceOptimizerAmoeba.h">
      <Filter>Header Files</Filter>
    </ClInclude>
    <ClInclude Include="..\DeviceOptimizerRandom.h">
      <Filter>Header Files</Filter>
    </ClInclude>
    <ClInclude Include="..\DeviceScaling.h">
      <Filter>Header Files</Filter>
    </ClInclude>
    <QtMoc Include="DialogMediumManager.h">
      <Filter>Header Files</Filter>
    </QtMoc>
    <QtMoc Include="DialogScaleDevice.h">
      <Filter>Header Files</Filter>
    </QtMoc>
    <QtMoc Include="DockCommentary.h">
      <Filter>Header Files</Filter>
    </QtMoc>
    <QtMoc Include="DockImageQuality.h">
      <Filter>Header Files</Filter>
    </QtMoc>
    <QtMoc Include="DockLightProperties.h">
      <Filter>Header Files</Filter>
    </QtMoc>
    <QtMoc Include="DockOptimizer.h">
      <Filter>Header Files</Filter>
    </QtMoc>
    <QtMoc Include="DockScatterPlot.h">
      <Filter>Header Files</Filter>
    </QtMoc>
    <QtMoc Include="DockSurfacesData.h">
      <Filter>Header Files</Filter>
    </QtMoc>
    <ClInclude Include="..\FileUtil.h">
      <Filter>Header Files</Filter>
    </ClInclude>
    <QtMoc Include="FrameSideView.h">
      <Filter>Header Files</Filter>
    </QtMoc>
    <ClInclude Include="..\Glass.h">
      <Filter>Header Files</Filter>
    </ClInclude>
    <ClInclude Include="..\GlassCatalogIo.h">
      <Filter>Header Files</Filter>
    </ClInclude>
    <ClInclude Include="..\GlassExtended2.h">
      <Filter>Header Files</Filter>
    </ClInclude>
    <ClInclude Include="..\GlassManager.h">
      <Filter>Header Files</Filter>
    </ClInclude>
    <ClInclude Include="..\GlassSellmeier.h">
      <Filter>Header Files</Filter>
    </ClInclude>
    <ClInclude Include="..\ImageQuality.h">
      <Filter>Header Files</Filter>
    </ClInclude>
    <ClInclude Include="..\Light.h">
      <Filter>Header Files</Filter>
    </ClInclude>
    <ClInclude Include="..\LightAutoFocus.h">
      <Filter>Header Files</Filter>
    </ClInclude>
    <QtMoc Include="MainWindow.h">
      <Filter>Header Files</Filter>
    </QtMoc>
    <ClInclude Include="..\MaterialAir.h">
      <Filter>Header Files</Filter>
    </ClInclude>
    <ClInclude Include="..\MaterialUnknow.h">
      <Filter>Header Files</Filter>
    </ClInclude>
    <ClInclude Include="..\MaterialVacuum.h">
      <Filter>Header Files</Filter>
    </ClInclude>
    <ClInclude Include="..\MaterialWater.h">
      <Filter>Header Files</Filter>
    </ClInclude>
    <ClInclude Include="MyViewFrame.h">
      <Filter>Header Files</Filter>
    </ClInclude>
    <ClInclude Include="..\OpticalDevice.h">
      <Filter>Header Files</Filter>
    </ClInclude>
    <ClInclude Include="..\Photon.h">
      <Filter>Header Files</Filter>
    </ClInclude>
    <ClInclude Include="..\Properties.h">
      <Filter>Header Files</Filter>
    </ClInclude>
    <ClInclude Include="..\Referential.h">
      <Filter>Header Files</Filter>
    </ClInclude>
    <ClInclude Include="..\Surface.h">
      <Filter>Header Files</Filter>
    </ClInclude>
    <ClInclude Include="..\Vector3D.h">
      <Filter>Header Files</Filter>
    </ClInclude>
  </ItemGroup>
  <ItemGroup>
    
    
    
    
    
    
    
    
    
    
    
    
    
    
    
    
    
    
    
    
    <CustomBuild Include="debug\moc_predefs.h.cbt">
      <Filter>Generated Files</Filter>
    </CustomBuild>
    <CustomBuild Include="release\moc_predefs.h.cbt">
      <Filter>Generated Files</Filter>
    </CustomBuild>
    
    
    <ClInclude Include="ui_DialogMediumManager.h">
      <Filter>Generated Files</Filter>
    </ClInclude>
    <ClInclude Include="ui_DialogScaleDevice.h">
      <Filter>Generated Files</Filter>
    </ClInclude>
    <ClInclude Include="ui_DockCommentary.h">
      <Filter>Generated Files</Filter>
    </ClInclude>
    <ClInclude Include="ui_DockImageQuality.h">
      <Filter>Generated Files</Filter>
    </ClInclude>
    <ClInclude Include="ui_DockLightProperties.h">
      <Filter>Generated Files</Filter>
    </ClInclude>
    <ClInclude Include="ui_DockOptimizer.h">
      <Filter>Generated Files</Filter>
    </ClInclude>
    <ClInclude Include="ui_DockScatterPlot.h">
      <Filter>Generated Files</Filter>
    </ClInclude>
    <ClInclude Include="ui_DockSurfacesData.h">
      <Filter>Generated Files</Filter>
    </ClInclude>
    <ClInclude Include="ui_FrameSideView.h">
      <Filter>Generated Files</Filter>
    </ClInclude>
    <ClInclude Include="ui_MainWindow.h">
      <Filter>Generated Files</Filter>
    </ClInclude>
  </ItemGroup>
  <ItemGroup>
    <None Include="Astree_fr.ts">
      <Filter>Translation Files</Filter>
    </None>
  </ItemGroup>
  <ItemGroup>
    <QtUic Include="DialogMediumManager.ui">
      <Filter>Form Files</Filter>
    </QtUic>
    <QtUic Include="DialogScaleDevice.ui">
      <Filter>Form Files</Filter>
    </QtUic>
    <QtUic Include="DockCommentary.ui">
      <Filter>Form Files</Filter>
    </QtUic>
    <QtUic Include="DockImageQuality.ui">
      <Filter>Form Files</Filter>
    </QtUic>
    <QtUic Include="DockLightProperties.ui">
      <Filter>Form Files</Filter>
    </QtUic>
    <QtUic Include="DockOptimizer.ui">
      <Filter>Form Files</Filter>
    </QtUic>
    <QtUic Include="DockScatterPlot.ui">
      <Filter>Form Files</Filter>
    </QtUic>
    <QtUic Include="DockSurfacesData.ui">
      <Filter>Form Files</Filter>
    </QtUic>
    <QtUic Include="FrameSideView.ui">
      <Filter>Form Files</Filter>
    </QtUic>
    <QtUic Include="MainWindow.ui">
      <Filter>Form Files</Filter>
    </QtUic>
  </ItemGroup>
  <ItemGroup>
    <None Include="Astree.ico">
      <Filter>Resource Files</Filter>
    </None>
    <QtRcc Include="Astree.qrc">
      <Filter>Resource Files</Filter>
    </QtRcc>
    <None Include="Astree_fr.qm">
      <Filter>Resource Files</Filter>
    </None>
  </ItemGroup>
  <ItemGroup>
    <ResourceCompile Include="Astree.rc" />
  </ItemGroup>
</Project>