
Microsoft Visual Studio Solution File, Format Version 12.00
# Visual Studio 15
VisualStudioVersion = 15.0.28307.1209
MinimumVisualStudioVersion = 10.0.40219.1
Project("{888888A0-9F3D-457C-B088-3A5042F75D52}") = "Astree", "Astree.pyproj", "{3D606C1C-B125-4C14-9715-30D4B77BCB36}"
EndProject
Global
	GlobalSection(SolutionConfigurationPlatforms) = preSolution
		Debug|Any CPU = Debug|Any CPU
		Release|Any CPU = Release|Any CPU
	EndGlobalSection
	GlobalSection(ProjectConfigurationPlatforms) = postSolution
		{3D606C1C-B125-4C14-9715-30D4B77BCB36}.Debug|Any CPU.ActiveCfg = Debug|Any CPU
		{3D606C1C-B125-4C14-9715-30D4B77BCB36}.Release|Any CPU.ActiveCfg = Release|Any CPU
	EndGlobalSection
	GlobalSection(SolutionProperties) = preSolution
		HideSolutionNode = FALSE
	EndGlobalSection
	GlobalSection(ExtensibilityGlobals) = postSolution
		SolutionGuid = {3A9C4C31-D684-4AE8-879C-B28EEBCE822E}
	EndGlobalSection
EndGlobal
